// !$*UTF8*$!
{
	archiveVersion = 1;
	classes = {
	};
	objectVersion = 46;
	objects = {

/* Begin PBXBuildFile section */
		8813C75119877D180024F431 /* Foundation.framework in Frameworks */ = {isa = PBXBuildFile; fileRef = 8813C75019877D180024F431 /* Foundation.framework */; };
		8813C75319877D180024F431 /* CoreGraphics.framework in Frameworks */ = {isa = PBXBuildFile; fileRef = 8813C75219877D180024F431 /* CoreGraphics.framework */; };
		8813C75519877D180024F431 /* UIKit.framework in Frameworks */ = {isa = PBXBuildFile; fileRef = 8813C75419877D180024F431 /* UIKit.framework */; };
		8813C75B19877D180024F431 /* InfoPlist.strings in Resources */ = {isa = PBXBuildFile; fileRef = 8813C75919877D180024F431 /* InfoPlist.strings */; };
		8813C75D19877D180024F431 /* main.m in Sources */ = {isa = PBXBuildFile; fileRef = 8813C75C19877D180024F431 /* main.m */; };
		8813C76119877D180024F431 /* REAAppDelegate.m in Sources */ = {isa = PBXBuildFile; fileRef = 8813C76019877D180024F431 /* REAAppDelegate.m */; };
		8813C76419877D180024F431 /* Main.storyboard in Resources */ = {isa = PBXBuildFile; fileRef = 8813C76219877D180024F431 /* Main.storyboard */; };
		8813C76919877D180024F431 /* Images.xcassets in Resources */ = {isa = PBXBuildFile; fileRef = 8813C76819877D180024F431 /* Images.xcassets */; };
		88958C6C19903C6B00BE8D30 /* REATramStopsProvider.m in Sources */ = {isa = PBXBuildFile; fileRef = 88958C6B19903C6B00BE8D30 /* REATramStopsProvider.m */; };
		88958C7C1990435C00BE8D30 /* REATramStop.m in Sources */ = {isa = PBXBuildFile; fileRef = 88958C7B1990435C00BE8D30 /* REATramStop.m */; };
		88958C811990488100BE8D30 /* REATramStopsTableViewController.m in Sources */ = {isa = PBXBuildFile; fileRef = 88958C801990488100BE8D30 /* REATramStopsTableViewController.m */; };
		88958CA91991866300BE8D30 /* REANextTramsProvider.m in Sources */ = {isa = PBXBuildFile; fileRef = 88958CA81991866300BE8D30 /* REANextTramsProvider.m */; };
		88958CAC199187BB00BE8D30 /* REATram.m in Sources */ = {isa = PBXBuildFile; fileRef = 88958CAB199187BB00BE8D30 /* REATram.m */; };
		88958CAF19918E4200BE8D30 /* REANextTramsTableViewController.m in Sources */ = {isa = PBXBuildFile; fileRef = 88958CAE19918E4200BE8D30 /* REANextTramsTableViewController.m */; };
		88958CB21991969600BE8D30 /* REATramStopMapViewController.m in Sources */ = {isa = PBXBuildFile; fileRef = 88958CB11991969600BE8D30 /* REATramStopMapViewController.m */; };
		88958CB41991974200BE8D30 /* MapKit.framework in Frameworks */ = {isa = PBXBuildFile; fileRef = 88958CB31991974200BE8D30 /* MapKit.framework */; };
		88958CB51991974700BE8D30 /* CoreLocation.framework in Frameworks */ = {isa = PBXBuildFile; fileRef = 88958C7D199046C600BE8D30 /* CoreLocation.framework */; };
/* End PBXBuildFile section */

/* Begin PBXFileReference section */
		8813C74D19877D180024F431 /* TramTracker.app */ = {isa = PBXFileReference; explicitFileType = wrapper.application; includeInIndex = 0; path = TramTracker.app; sourceTree = BUILT_PRODUCTS_DIR; };
		8813C75019877D180024F431 /* Foundation.framework */ = {isa = PBXFileReference; lastKnownFileType = wrapper.framework; name = Foundation.framework; path = System/Library/Frameworks/Foundation.framework; sourceTree = SDKROOT; };
		8813C75219877D180024F431 /* CoreGraphics.framework */ = {isa = PBXFileReference; lastKnownFileType = wrapper.framework; name = CoreGraphics.framework; path = System/Library/Frameworks/CoreGraphics.framework; sourceTree = SDKROOT; };
		8813C75419877D180024F431 /* UIKit.framework */ = {isa = PBXFileReference; lastKnownFileType = wrapper.framework; name = UIKit.framework; path = System/Library/Frameworks/UIKit.framework; sourceTree = SDKROOT; };
		8813C75819877D180024F431 /* TramTracker-Info.plist */ = {isa = PBXFileReference; lastKnownFileType = text.plist.xml; path = "TramTracker-Info.plist"; sourceTree = "<group>"; };
		8813C75A19877D180024F431 /* en */ = {isa = PBXFileReference; lastKnownFileType = text.plist.strings; name = en; path = en.lproj/InfoPlist.strings; sourceTree = "<group>"; };
		8813C75C19877D180024F431 /* main.m */ = {isa = PBXFileReference; lastKnownFileType = sourcecode.c.objc; path = main.m; sourceTree = "<group>"; };
		8813C75E19877D180024F431 /* TramTracker-Prefix.pch */ = {isa = PBXFileReference; lastKnownFileType = sourcecode.c.h; path = "TramTracker-Prefix.pch"; sourceTree = "<group>"; };
		8813C75F19877D180024F431 /* REAAppDelegate.h */ = {isa = PBXFileReference; lastKnownFileType = sourcecode.c.h; path = REAAppDelegate.h; sourceTree = "<group>"; };
		8813C76019877D180024F431 /* REAAppDelegate.m */ = {isa = PBXFileReference; lastKnownFileType = sourcecode.c.objc; path = REAAppDelegate.m; sourceTree = "<group>"; };
		8813C76319877D180024F431 /* Base */ = {isa = PBXFileReference; lastKnownFileType = file.storyboard; name = Base; path = Base.lproj/Main.storyboard; sourceTree = "<group>"; };
		8813C76819877D180024F431 /* Images.xcassets */ = {isa = PBXFileReference; lastKnownFileType = folder.assetcatalog; path = Images.xcassets; sourceTree = "<group>"; };
		8813C76F19877D180024F431 /* XCTest.framework */ = {isa = PBXFileReference; lastKnownFileType = wrapper.framework; name = XCTest.framework; path = Library/Frameworks/XCTest.framework; sourceTree = DEVELOPER_DIR; };
		8813C78519877D900024F431 /* README.md */ = {isa = PBXFileReference; lastKnownFileType = text; name = README.md; path = ../README.md; sourceTree = "<group>"; };
		88958C6A19903C6B00BE8D30 /* REATramStopsProvider.h */ = {isa = PBXFileReference; fileEncoding = 4; lastKnownFileType = sourcecode.c.h; path = REATramStopsProvider.h; sourceTree = "<group>"; };
		88958C6B19903C6B00BE8D30 /* REATramStopsProvider.m */ = {isa = PBXFileReference; fileEncoding = 4; lastKnownFileType = sourcecode.c.objc; path = REATramStopsProvider.m; sourceTree = "<group>"; };
		88958C7A1990435C00BE8D30 /* REATramStop.h */ = {isa = PBXFileReference; fileEncoding = 4; lastKnownFileType = sourcecode.c.h; path = REATramStop.h; sourceTree = "<group>"; };
		88958C7B1990435C00BE8D30 /* REATramStop.m */ = {isa = PBXFileReference; fileEncoding = 4; lastKnownFileType = sourcecode.c.objc; path = REATramStop.m; sourceTree = "<group>"; };
		88958C7D199046C600BE8D30 /* CoreLocation.framework */ = {isa = PBXFileReference; lastKnownFileType = wrapper.framework; name = CoreLocation.framework; path = System/Library/Frameworks/CoreLocation.framework; sourceTree = SDKROOT; };
		88958C7F1990488100BE8D30 /* REATramStopsTableViewController.h */ = {isa = PBXFileReference; fileEncoding = 4; lastKnownFileType = sourcecode.c.h; path = REATramStopsTableViewController.h; sourceTree = "<group>"; };
		88958C801990488100BE8D30 /* REATramStopsTableViewController.m */ = {isa = PBXFileReference; fileEncoding = 4; lastKnownFileType = sourcecode.c.objc; path = REATramStopsTableViewController.m; sourceTree = "<group>"; };
		88958CA71991866300BE8D30 /* REANextTramsProvider.h */ = {isa = PBXFileReference; fileEncoding = 4; lastKnownFileType = sourcecode.c.h; path = REANextTramsProvider.h; sourceTree = "<group>"; };
		88958CA81991866300BE8D30 /* REANextTramsProvider.m */ = {isa = PBXFileReference; fileEncoding = 4; lastKnownFileType = sourcecode.c.objc; path = REANextTramsProvider.m; sourceTree = "<group>"; };
		88958CAA199187BB00BE8D30 /* REATram.h */ = {isa = PBXFileReference; fileEncoding = 4; lastKnownFileType = sourcecode.c.h; path = REATram.h; sourceTree = "<group>"; };
		88958CAB199187BB00BE8D30 /* REATram.m */ = {isa = PBXFileReference; fileEncoding = 4; lastKnownFileType = sourcecode.c.objc; path = REATram.m; sourceTree = "<group>"; };
		88958CAD19918E4200BE8D30 /* REANextTramsTableViewController.h */ = {isa = PBXFileReference; fileEncoding = 4; lastKnownFileType = sourcecode.c.h; path = REANextTramsTableViewController.h; sourceTree = "<group>"; };
		88958CAE19918E4200BE8D30 /* REANextTramsTableViewController.m */ = {isa = PBXFileReference; fileEncoding = 4; lastKnownFileType = sourcecode.c.objc; path = REANextTramsTableViewController.m; sourceTree = "<group>"; };
		88958CB01991969600BE8D30 /* REATramStopMapViewController.h */ = {isa = PBXFileReference; fileEncoding = 4; lastKnownFileType = sourcecode.c.h; path = REATramStopMapViewController.h; sourceTree = "<group>"; };
		88958CB11991969600BE8D30 /* REATramStopMapViewController.m */ = {isa = PBXFileReference; fileEncoding = 4; lastKnownFileType = sourcecode.c.objc; path = REATramStopMapViewController.m; sourceTree = "<group>"; };
		88958CB31991974200BE8D30 /* MapKit.framework */ = {isa = PBXFileReference; lastKnownFileType = wrapper.framework; name = MapKit.framework; path = System/Library/Frameworks/MapKit.framework; sourceTree = SDKROOT; };
/* End PBXFileReference section */

/* Begin PBXFrameworksBuildPhase section */
		8813C74A19877D180024F431 /* Frameworks */ = {
			isa = PBXFrameworksBuildPhase;
			buildActionMask = 2147483647;
			files = (
				88958CB51991974700BE8D30 /* CoreLocation.framework in Frameworks */,
				88958CB41991974200BE8D30 /* MapKit.framework in Frameworks */,
				8813C75319877D180024F431 /* CoreGraphics.framework in Frameworks */,
				8813C75519877D180024F431 /* UIKit.framework in Frameworks */,
				8813C75119877D180024F431 /* Foundation.framework in Frameworks */,
			);
			runOnlyForDeploymentPostprocessing = 0;
		};
/* End PBXFrameworksBuildPhase section */

/* Begin PBXGroup section */
		8813C74419877D180024F431 = {
			isa = PBXGroup;
			children = (
				8813C78519877D900024F431 /* README.md */,
				8813C75619877D180024F431 /* TramTracker */,
				8813C74F19877D180024F431 /* Frameworks */,
				8813C74E19877D180024F431 /* Products */,
			);
			sourceTree = "<group>";
		};
		8813C74E19877D180024F431 /* Products */ = {
			isa = PBXGroup;
			children = (
				8813C74D19877D180024F431 /* TramTracker.app */,
			);
			name = Products;
			sourceTree = "<group>";
		};
		8813C74F19877D180024F431 /* Frameworks */ = {
			isa = PBXGroup;
			children = (
				88958CB31991974200BE8D30 /* MapKit.framework */,
				88958C7D199046C600BE8D30 /* CoreLocation.framework */,
				8813C75019877D180024F431 /* Foundation.framework */,
				8813C75219877D180024F431 /* CoreGraphics.framework */,
				8813C75419877D180024F431 /* UIKit.framework */,
				8813C76F19877D180024F431 /* XCTest.framework */,
			);
			name = Frameworks;
			sourceTree = "<group>";
		};
		8813C75619877D180024F431 /* TramTracker */ = {
			isa = PBXGroup;
			children = (
				88958C6919903C5500BE8D30 /* Domain */,
				8813C75F19877D180024F431 /* REAAppDelegate.h */,
				8813C76019877D180024F431 /* REAAppDelegate.m */,
				8813C76219877D180024F431 /* Main.storyboard */,
				88958C7F1990488100BE8D30 /* REATramStopsTableViewController.h */,
				88958C801990488100BE8D30 /* REATramStopsTableViewController.m */,
				88958CAD19918E4200BE8D30 /* REANextTramsTableViewController.h */,
				88958CAE19918E4200BE8D30 /* REANextTramsTableViewController.m */,
				88958CB01991969600BE8D30 /* REATramStopMapViewController.h */,
				88958CB11991969600BE8D30 /* REATramStopMapViewController.m */,
				8813C76819877D180024F431 /* Images.xcassets */,
				8813C75719877D180024F431 /* Supporting Files */,
			);
			path = TramTracker;
			sourceTree = "<group>";
		};
		8813C75719877D180024F431 /* Supporting Files */ = {
			isa = PBXGroup;
			children = (
				8813C75819877D180024F431 /* TramTracker-Info.plist */,
				8813C75919877D180024F431 /* InfoPlist.strings */,
				8813C75C19877D180024F431 /* main.m */,
				8813C75E19877D180024F431 /* TramTracker-Prefix.pch */,
			);
			name = "Supporting Files";
			sourceTree = "<group>";
		};
		88958C6919903C5500BE8D30 /* Domain */ = {
			isa = PBXGroup;
			children = (
				88958C6A19903C6B00BE8D30 /* REATramStopsProvider.h */,
				88958C6B19903C6B00BE8D30 /* REATramStopsProvider.m */,
				88958CA71991866300BE8D30 /* REANextTramsProvider.h */,
				88958CA81991866300BE8D30 /* REANextTramsProvider.m */,
				88958C7A1990435C00BE8D30 /* REATramStop.h */,
				88958C7B1990435C00BE8D30 /* REATramStop.m */,
				88958CAA199187BB00BE8D30 /* REATram.h */,
				88958CAB199187BB00BE8D30 /* REATram.m */,
			);
			name = Domain;
			sourceTree = "<group>";
		};
/* End PBXGroup section */

/* Begin PBXNativeTarget section */
		8813C74C19877D180024F431 /* TramTracker */ = {
			isa = PBXNativeTarget;
			buildConfigurationList = 8813C77F19877D180024F431 /* Build configuration list for PBXNativeTarget "TramTracker" */;
			buildPhases = (
				8813C74919877D180024F431 /* Sources */,
				8813C74A19877D180024F431 /* Frameworks */,
				8813C74B19877D180024F431 /* Resources */,
			);
			buildRules = (
			);
			dependencies = (
			);
			name = TramTracker;
			productName = CityGuide;
			productReference = 8813C74D19877D180024F431 /* TramTracker.app */;
			productType = "com.apple.product-type.application";
		};
/* End PBXNativeTarget section */

/* Begin PBXProject section */
		8813C74519877D180024F431 /* Project object */ = {
			isa = PBXProject;
			attributes = {
				CLASSPREFIX = REA;
				LastUpgradeCheck = 0510;
				ORGANIZATIONNAME = "REA Group";
			};
			buildConfigurationList = 8813C74819877D180024F431 /* Build configuration list for PBXProject "TramTracker" */;
			compatibilityVersion = "Xcode 3.2";
			developmentRegion = English;
			hasScannedForEncodings = 0;
			knownRegions = (
				en,
				Base,
			);
			mainGroup = 8813C74419877D180024F431;
			productRefGroup = 8813C74E19877D180024F431 /* Products */;
			projectDirPath = "";
			projectRoot = "";
			targets = (
				8813C74C19877D180024F431 /* TramTracker */,
			);
		};
/* End PBXProject section */

/* Begin PBXResourcesBuildPhase section */
		8813C74B19877D180024F431 /* Resources */ = {
			isa = PBXResourcesBuildPhase;
			buildActionMask = 2147483647;
			files = (
				8813C76919877D180024F431 /* Images.xcassets in Resources */,
				8813C75B19877D180024F431 /* InfoPlist.strings in Resources */,
				8813C76419877D180024F431 /* Main.storyboard in Resources */,
			);
			runOnlyForDeploymentPostprocessing = 0;
		};
/* End PBXResourcesBuildPhase section */

/* Begin PBXSourcesBuildPhase section */
		8813C74919877D180024F431 /* Sources */ = {
			isa = PBXSourcesBuildPhase;
			buildActionMask = 2147483647;
			files = (
				88958C811990488100BE8D30 /* REATramStopsTableViewController.m in Sources */,
				8813C75D19877D180024F431 /* main.m in Sources */,
				88958CA91991866300BE8D30 /* REANextTramsProvider.m in Sources */,
				88958CAF19918E4200BE8D30 /* REANextTramsTableViewController.m in Sources */,
				88958CAC199187BB00BE8D30 /* REATram.m in Sources */,
				88958C6C19903C6B00BE8D30 /* REATramStopsProvider.m in Sources */,
				8813C76119877D180024F431 /* REAAppDelegate.m in Sources */,
				88958C7C1990435C00BE8D30 /* REATramStop.m in Sources */,
				88958CB21991969600BE8D30 /* REATramStopMapViewController.m in Sources */,
			);
			runOnlyForDeploymentPostprocessing = 0;
		};
/* End PBXSourcesBuildPhase section */

/* Begin PBXVariantGroup section */
		8813C75919877D180024F431 /* InfoPlist.strings */ = {
			isa = PBXVariantGroup;
			children = (
				8813C75A19877D180024F431 /* en */,
			);
			name = InfoPlist.strings;
			sourceTree = "<group>";
		};
		8813C76219877D180024F431 /* Main.storyboard */ = {
			isa = PBXVariantGroup;
			children = (
				8813C76319877D180024F431 /* Base */,
			);
			name = Main.storyboard;
			sourceTree = "<group>";
		};
/* End PBXVariantGroup section */

/* Begin XCBuildConfiguration section */
		8813C77D19877D180024F431 /* Debug */ = {
			isa = XCBuildConfiguration;
			buildSettings = {
				ALWAYS_SEARCH_USER_PATHS = NO;
				CLANG_CXX_LANGUAGE_STANDARD = "gnu++0x";
				CLANG_CXX_LIBRARY = "libc++";
				CLANG_ENABLE_MODULES = YES;
				CLANG_ENABLE_OBJC_ARC = YES;
				CLANG_WARN_BOOL_CONVERSION = YES;
				CLANG_WARN_CONSTANT_CONVERSION = YES;
				CLANG_WARN_DIRECT_OBJC_ISA_USAGE = YES_ERROR;
				CLANG_WARN_EMPTY_BODY = YES;
				CLANG_WARN_ENUM_CONVERSION = YES;
				CLANG_WARN_INT_CONVERSION = YES;
				CLANG_WARN_OBJC_ROOT_CLASS = YES_ERROR;
				CLANG_WARN__DUPLICATE_METHOD_MATCH = YES;
				"CODE_SIGN_IDENTITY[sdk=iphoneos*]" = "iPhone Developer";
				COPY_PHASE_STRIP = NO;
				GCC_C_LANGUAGE_STANDARD = gnu99;
				GCC_DYNAMIC_NO_PIC = NO;
				GCC_OPTIMIZATION_LEVEL = 0;
				GCC_PREPROCESSOR_DEFINITIONS = (
					"DEBUG=1",
					"$(inherited)",
				);
				GCC_SYMBOLS_PRIVATE_EXTERN = NO;
				GCC_TREAT_WARNINGS_AS_ERRORS = YES;
				GCC_WARN_64_TO_32_BIT_CONVERSION = YES;
				GCC_WARN_ABOUT_RETURN_TYPE = YES_ERROR;
				GCC_WARN_UNDECLARED_SELECTOR = YES;
				GCC_WARN_UNINITIALIZED_AUTOS = YES_AGGRESSIVE;
				GCC_WARN_UNUSED_FUNCTION = YES;
				GCC_WARN_UNUSED_VARIABLE = YES;
				IPHONEOS_DEPLOYMENT_TARGET = 7.1;
				ONLY_ACTIVE_ARCH = YES;
				SDKROOT = iphoneos;
			};
			name = Debug;
		};
		8813C77E19877D180024F431 /* Release */ = {
			isa = XCBuildConfiguration;
			buildSettings = {
				ALWAYS_SEARCH_USER_PATHS = NO;
				CLANG_CXX_LANGUAGE_STANDARD = "gnu++0x";
				CLANG_CXX_LIBRARY = "libc++";
				CLANG_ENABLE_MODULES = YES;
				CLANG_ENABLE_OBJC_ARC = YES;
				CLANG_WARN_BOOL_CONVERSION = YES;
				CLANG_WARN_CONSTANT_CONVERSION = YES;
				CLANG_WARN_DIRECT_OBJC_ISA_USAGE = YES_ERROR;
				CLANG_WARN_EMPTY_BODY = YES;
				CLANG_WARN_ENUM_CONVERSION = YES;
				CLANG_WARN_INT_CONVERSION = YES;
				CLANG_WARN_OBJC_ROOT_CLASS = YES_ERROR;
				CLANG_WARN__DUPLICATE_METHOD_MATCH = YES;
				"CODE_SIGN_IDENTITY[sdk=iphoneos*]" = "iPhone Developer";
				COPY_PHASE_STRIP = YES;
				ENABLE_NS_ASSERTIONS = NO;
				GCC_C_LANGUAGE_STANDARD = gnu99;
				GCC_TREAT_WARNINGS_AS_ERRORS = YES;
				GCC_WARN_64_TO_32_BIT_CONVERSION = YES;
				GCC_WARN_ABOUT_RETURN_TYPE = YES_ERROR;
				GCC_WARN_UNDECLARED_SELECTOR = YES;
				GCC_WARN_UNINITIALIZED_AUTOS = YES_AGGRESSIVE;
				GCC_WARN_UNUSED_FUNCTION = YES;
				GCC_WARN_UNUSED_VARIABLE = YES;
				IPHONEOS_DEPLOYMENT_TARGET = 7.1;
				SDKROOT = iphoneos;
				VALIDATE_PRODUCT = YES;
			};
			name = Release;
		};
		8813C78019877D180024F431 /* Debug */ = {
			isa = XCBuildConfiguration;
			buildSettings = {
				ASSETCATALOG_COMPILER_APPICON_NAME = AppIcon;
				ASSETCATALOG_COMPILER_LAUNCHIMAGE_NAME = LaunchImage;
				GCC_PRECOMPILE_PREFIX_HEADER = YES;
				GCC_PREFIX_HEADER = "TramTracker/TramTracker-Prefix.pch";
				INFOPLIST_FILE = "TramTracker/TramTracker-Info.plist";
				PRODUCT_NAME = TramTracker;
				WRAPPER_EXTENSION = app;
			};
			name = Debug;
		};
		8813C78119877D180024F431 /* Release */ = {
			isa = XCBuildConfiguration;
			buildSettings = {
				ASSETCATALOG_COMPILER_APPICON_NAME = AppIcon;
				ASSETCATALOG_COMPILER_LAUNCHIMAGE_NAME = LaunchImage;
				GCC_PRECOMPILE_PREFIX_HEADER = YES;
				GCC_PREFIX_HEADER = "TramTracker/TramTracker-Prefix.pch";
				INFOPLIST_FILE = "TramTracker/TramTracker-Info.plist";
				PRODUCT_NAME = TramTracker;
				WRAPPER_EXTENSION = app;
			};
			name = Release;
		};
/* End XCBuildConfiguration section */

/* Begin XCConfigurationList section */
		8813C74819877D180024F431 /* Build configuration list for PBXProject "TramTracker" */ = {
			isa = XCConfigurationList;
			buildConfigurations = (
				8813C77D19877D180024F431 /* Debug */,
				8813C77E19877D180024F431 /* Release */,
			);
			defaultConfigurationIsVisible = 0;
			defaultConfigurationName = Release;
		};
		8813C77F19877D180024F431 /* Build configuration list for PBXNativeTarget "TramTracker" */ = {
			isa = XCConfigurationList;
			buildConfigurations = (
				8813C78019877D180024F431 /* Debug */,
				8813C78119877D180024F431 /* Release */,
			);
			defaultConfigurationIsVisible = 0;
			defaultConfigurationName = Release;
		};
/* End XCConfigurationList section */
	};
	rootObject = 8813C74519877D180024F431 /* Project object */;
}
